// !$*UTF8*$!
{
	archiveVersion = 1;
	classes = {
	};
	objectVersion = 56;
	objects = {

/* Begin PBXBuildFile section */
		989B576729E0FB6200025D44 /* ResizableWKWebView.swift in Sources */ = {isa = PBXBuildFile; fileRef = 989B576629E0FB6200025D44 /* ResizableWKWebView.swift */; };
		98B675D729D6208500C321FF /* AutoLauncherAppDelegate.swift in Sources */ = {isa = PBXBuildFile; fileRef = 98B675D629D6208500C321FF /* AutoLauncherAppDelegate.swift */; };
		98B675E429D622D200C321FF /* main.swift in Sources */ = {isa = PBXBuildFile; fileRef = 98B675E329D622D200C321FF /* main.swift */; };
		98B675E629D6235000C321FF /* AutoLauncher.app in CopyFiles */ = {isa = PBXBuildFile; fileRef = 98B675D429D6208500C321FF /* AutoLauncher.app */; settings = {ATTRIBUTES = (RemoveHeadersOnCopy, ); }; };
		98B675E929D6237800C321FF /* ServiceManagement.framework in Frameworks */ = {isa = PBXBuildFile; fileRef = 98B675E829D6237800C321FF /* ServiceManagement.framework */; };
		98EA206829D608E700A76F2A /* GPTPopoverApp.swift in Sources */ = {isa = PBXBuildFile; fileRef = 98EA206729D608E700A76F2A /* GPTPopoverApp.swift */; };
		98EA206A29D608E700A76F2A /* ContentView.swift in Sources */ = {isa = PBXBuildFile; fileRef = 98EA206929D608E700A76F2A /* ContentView.swift */; };
		98EA206C29D608E900A76F2A /* Assets.xcassets in Resources */ = {isa = PBXBuildFile; fileRef = 98EA206B29D608E900A76F2A /* Assets.xcassets */; };
		98EA206F29D608E900A76F2A /* Preview Assets.xcassets in Resources */ = {isa = PBXBuildFile; fileRef = 98EA206E29D608E900A76F2A /* Preview Assets.xcassets */; };
		98EA207729D60FCF00A76F2A /* WebView.swift in Sources */ = {isa = PBXBuildFile; fileRef = 98EA207629D60FCF00A76F2A /* WebView.swift */; };
		98EA207929D60FE100A76F2A /* StatusBarController.swift in Sources */ = {isa = PBXBuildFile; fileRef = 98EA207829D60FE100A76F2A /* StatusBarController.swift */; };
		98EA207B29D60FFF00A76F2A /* AppDelegate.swift in Sources */ = {isa = PBXBuildFile; fileRef = 98EA207A29D60FFF00A76F2A /* AppDelegate.swift */; };
		98EA207D29D6100E00A76F2A /* EventMonitor.swift in Sources */ = {isa = PBXBuildFile; fileRef = 98EA207C29D6100E00A76F2A /* EventMonitor.swift */; };
		98EA207F29D6101E00A76F2A /* NSPopover+.swift in Sources */ = {isa = PBXBuildFile; fileRef = 98EA207E29D6101E00A76F2A /* NSPopover+.swift */; };
/* End PBXBuildFile section */

/* Begin PBXCopyFilesBuildPhase section */
		98B675E529D6232D00C321FF /* CopyFiles */ = {
			isa = PBXCopyFilesBuildPhase;
			buildActionMask = 12;
			dstPath = Contents/Library/LoginItems;
			dstSubfolderSpec = 1;
			files = (
				98B675E629D6235000C321FF /* AutoLauncher.app in CopyFiles */,
			);
			runOnlyForDeploymentPostprocessing = 0;
		};
/* End PBXCopyFilesBuildPhase section */

/* Begin PBXFileReference section */
		989B576629E0FB6200025D44 /* ResizableWKWebView.swift */ = {isa = PBXFileReference; lastKnownFileType = sourcecode.swift; path = ResizableWKWebView.swift; sourceTree = "<group>"; };
		98B675D429D6208500C321FF /* AutoLauncher.app */ = {isa = PBXFileReference; explicitFileType = wrapper.application; includeInIndex = 0; path = AutoLauncher.app; sourceTree = BUILT_PRODUCTS_DIR; };
		98B675D629D6208500C321FF /* AutoLauncherAppDelegate.swift */ = {isa = PBXFileReference; lastKnownFileType = sourcecode.swift; path = AutoLauncherAppDelegate.swift; sourceTree = "<group>"; };
		98B675DF29D6208800C321FF /* AutoLauncher.entitlements */ = {isa = PBXFileReference; lastKnownFileType = text.plist.entitlements; path = AutoLauncher.entitlements; sourceTree = "<group>"; };
		98B675E329D622D200C321FF /* main.swift */ = {isa = PBXFileReference; lastKnownFileType = sourcecode.swift; path = main.swift; sourceTree = "<group>"; };
		98B675E829D6237800C321FF /* ServiceManagement.framework */ = {isa = PBXFileReference; lastKnownFileType = wrapper.framework; name = ServiceManagement.framework; path = System/Library/Frameworks/ServiceManagement.framework; sourceTree = SDKROOT; };
		98EA206429D608E700A76F2A /* GPTPopover.app */ = {isa = PBXFileReference; explicitFileType = wrapper.application; includeInIndex = 0; path = GPTPopover.app; sourceTree = BUILT_PRODUCTS_DIR; };
		98EA206729D608E700A76F2A /* GPTPopoverApp.swift */ = {isa = PBXFileReference; lastKnownFileType = sourcecode.swift; path = GPTPopoverApp.swift; sourceTree = "<group>"; };
		98EA206929D608E700A76F2A /* ContentView.swift */ = {isa = PBXFileReference; lastKnownFileType = sourcecode.swift; path = ContentView.swift; sourceTree = "<group>"; };
		98EA206B29D608E900A76F2A /* Assets.xcassets */ = {isa = PBXFileReference; lastKnownFileType = folder.assetcatalog; path = Assets.xcassets; sourceTree = "<group>"; };
		98EA206E29D608E900A76F2A /* Preview Assets.xcassets */ = {isa = PBXFileReference; lastKnownFileType = folder.assetcatalog; path = "Preview Assets.xcassets"; sourceTree = "<group>"; };
		98EA207029D608EA00A76F2A /* GPTPopover.entitlements */ = {isa = PBXFileReference; lastKnownFileType = text.plist.entitlements; path = GPTPopover.entitlements; sourceTree = "<group>"; };
		98EA207629D60FCF00A76F2A /* WebView.swift */ = {isa = PBXFileReference; lastKnownFileType = sourcecode.swift; path = WebView.swift; sourceTree = "<group>"; };
		98EA207829D60FE100A76F2A /* StatusBarController.swift */ = {isa = PBXFileReference; lastKnownFileType = sourcecode.swift; path = StatusBarController.swift; sourceTree = "<group>"; };
		98EA207A29D60FFF00A76F2A /* AppDelegate.swift */ = {isa = PBXFileReference; lastKnownFileType = sourcecode.swift; path = AppDelegate.swift; sourceTree = "<group>"; };
		98EA207C29D6100E00A76F2A /* EventMonitor.swift */ = {isa = PBXFileReference; lastKnownFileType = sourcecode.swift; path = EventMonitor.swift; sourceTree = "<group>"; };
		98EA207E29D6101E00A76F2A /* NSPopover+.swift */ = {isa = PBXFileReference; lastKnownFileType = sourcecode.swift; path = "NSPopover+.swift"; sourceTree = "<group>"; };
/* End PBXFileReference section */

/* Begin PBXFrameworksBuildPhase section */
		98B675D129D6208500C321FF /* Frameworks */ = {
			isa = PBXFrameworksBuildPhase;
			buildActionMask = 2147483647;
			files = (
			);
			runOnlyForDeploymentPostprocessing = 0;
		};
		98EA206129D608E700A76F2A /* Frameworks */ = {
			isa = PBXFrameworksBuildPhase;
			buildActionMask = 2147483647;
			files = (
				98B675E929D6237800C321FF /* ServiceManagement.framework in Frameworks */,
			);
			runOnlyForDeploymentPostprocessing = 0;
		};
/* End PBXFrameworksBuildPhase section */

/* Begin PBXGroup section */
		98B675D529D6208500C321FF /* AutoLauncher */ = {
			isa = PBXGroup;
			children = (
				98B675D629D6208500C321FF /* AutoLauncherAppDelegate.swift */,
				98B675E329D622D200C321FF /* main.swift */,
				98B675DF29D6208800C321FF /* AutoLauncher.entitlements */,
			);
			path = AutoLauncher;
			sourceTree = "<group>";
		};
		98B675E729D6237700C321FF /* Frameworks */ = {
			isa = PBXGroup;
			children = (
				98B675E829D6237800C321FF /* ServiceManagement.framework */,
			);
			name = Frameworks;
			sourceTree = "<group>";
		};
		98EA205B29D608E700A76F2A = {
			isa = PBXGroup;
			children = (
				98EA206629D608E700A76F2A /* GPTPopover */,
				98B675D529D6208500C321FF /* AutoLauncher */,
				98EA206529D608E700A76F2A /* Products */,
				98B675E729D6237700C321FF /* Frameworks */,
			);
			sourceTree = "<group>";
		};
		98EA206529D608E700A76F2A /* Products */ = {
			isa = PBXGroup;
			children = (
				98EA206429D608E700A76F2A /* GPTPopover.app */,
				98B675D429D6208500C321FF /* AutoLauncher.app */,
			);
			name = Products;
			sourceTree = "<group>";
		};
		98EA206629D608E700A76F2A /* GPTPopover */ = {
			isa = PBXGroup;
			children = (
				98EA207A29D60FFF00A76F2A /* AppDelegate.swift */,
				98EA207C29D6100E00A76F2A /* EventMonitor.swift */,
				98EA207E29D6101E00A76F2A /* NSPopover+.swift */,
				98EA207829D60FE100A76F2A /* StatusBarController.swift */,
				98EA207629D60FCF00A76F2A /* WebView.swift */,
				989B576629E0FB6200025D44 /* ResizableWKWebView.swift */,
				98EA206929D608E700A76F2A /* ContentView.swift */,
				98EA206729D608E700A76F2A /* GPTPopoverApp.swift */,
				98EA206B29D608E900A76F2A /* Assets.xcassets */,
				98EA207029D608EA00A76F2A /* GPTPopover.entitlements */,
				98EA206D29D608E900A76F2A /* Preview Content */,
			);
			path = GPTPopover;
			sourceTree = "<group>";
		};
		98EA206D29D608E900A76F2A /* Preview Content */ = {
			isa = PBXGroup;
			children = (
				98EA206E29D608E900A76F2A /* Preview Assets.xcassets */,
			);
			path = "Preview Content";
			sourceTree = "<group>";
		};
/* End PBXGroup section */

/* Begin PBXNativeTarget section */
		98B675D329D6208500C321FF /* AutoLauncher */ = {
			isa = PBXNativeTarget;
			buildConfigurationList = 98B675E229D6208800C321FF /* Build configuration list for PBXNativeTarget "AutoLauncher" */;
			buildPhases = (
				98B675D029D6208500C321FF /* Sources */,
				98B675D129D6208500C321FF /* Frameworks */,
				98B675D229D6208500C321FF /* Resources */,
			);
			buildRules = (
			);
			dependencies = (
			);
			name = AutoLauncher;
			productName = AutoLauncher;
			productReference = 98B675D429D6208500C321FF /* AutoLauncher.app */;
			productType = "com.apple.product-type.application";
		};
		98EA206329D608E700A76F2A /* GPTPopover */ = {
			isa = PBXNativeTarget;
			buildConfigurationList = 98EA207329D608EA00A76F2A /* Build configuration list for PBXNativeTarget "GPTPopover" */;
			buildPhases = (
				98EA206029D608E700A76F2A /* Sources */,
				98EA206129D608E700A76F2A /* Frameworks */,
				98EA206229D608E700A76F2A /* Resources */,
				98B675E529D6232D00C321FF /* CopyFiles */,
			);
			buildRules = (
			);
			dependencies = (
			);
			name = GPTPopover;
			productName = GPTPopover;
			productReference = 98EA206429D608E700A76F2A /* GPTPopover.app */;
			productType = "com.apple.product-type.application";
		};
/* End PBXNativeTarget section */

/* Begin PBXProject section */
		98EA205C29D608E700A76F2A /* Project object */ = {
			isa = PBXProject;
			attributes = {
				BuildIndependentTargetsInParallel = 1;
				LastSwiftUpdateCheck = 1420;
				LastUpgradeCheck = 1420;
				TargetAttributes = {
					98B675D329D6208500C321FF = {
						CreatedOnToolsVersion = 14.2;
					};
					98EA206329D608E700A76F2A = {
						CreatedOnToolsVersion = 14.2;
					};
				};
			};
			buildConfigurationList = 98EA205F29D608E700A76F2A /* Build configuration list for PBXProject "GPTPopover" */;
			compatibilityVersion = "Xcode 14.0";
			developmentRegion = en;
			hasScannedForEncodings = 0;
			knownRegions = (
				en,
				Base,
			);
			mainGroup = 98EA205B29D608E700A76F2A;
			productRefGroup = 98EA206529D608E700A76F2A /* Products */;
			projectDirPath = "";
			projectRoot = "";
			targets = (
				98EA206329D608E700A76F2A /* GPTPopover */,
				98B675D329D6208500C321FF /* AutoLauncher */,
			);
		};
/* End PBXProject section */

/* Begin PBXResourcesBuildPhase section */
		98B675D229D6208500C321FF /* Resources */ = {
			isa = PBXResourcesBuildPhase;
			buildActionMask = 2147483647;
			files = (
			);
			runOnlyForDeploymentPostprocessing = 0;
		};
		98EA206229D608E700A76F2A /* Resources */ = {
			isa = PBXResourcesBuildPhase;
			buildActionMask = 2147483647;
			files = (
				98EA206F29D608E900A76F2A /* Preview Assets.xcassets in Resources */,
				98EA206C29D608E900A76F2A /* Assets.xcassets in Resources */,
			);
			runOnlyForDeploymentPostprocessing = 0;
		};
/* End PBXResourcesBuildPhase section */

/* Begin PBXSourcesBuildPhase section */
		98B675D029D6208500C321FF /* Sources */ = {
			isa = PBXSourcesBuildPhase;
			buildActionMask = 2147483647;
			files = (
				98B675E429D622D200C321FF /* main.swift in Sources */,
				98B675D729D6208500C321FF /* AutoLauncherAppDelegate.swift in Sources */,
			);
			runOnlyForDeploymentPostprocessing = 0;
		};
		98EA206029D608E700A76F2A /* Sources */ = {
			isa = PBXSourcesBuildPhase;
			buildActionMask = 2147483647;
			files = (
				98EA207729D60FCF00A76F2A /* WebView.swift in Sources */,
				98EA207929D60FE100A76F2A /* StatusBarController.swift in Sources */,
				98EA206A29D608E700A76F2A /* ContentView.swift in Sources */,
				98EA207D29D6100E00A76F2A /* EventMonitor.swift in Sources */,
				98EA207B29D60FFF00A76F2A /* AppDelegate.swift in Sources */,
				98EA206829D608E700A76F2A /* GPTPopoverApp.swift in Sources */,
				98EA207F29D6101E00A76F2A /* NSPopover+.swift in Sources */,
				989B576729E0FB6200025D44 /* ResizableWKWebView.swift in Sources */,
			);
			runOnlyForDeploymentPostprocessing = 0;
		};
/* End PBXSourcesBuildPhase section */

/* Begin XCBuildConfiguration section */
		98B675E029D6208800C321FF /* Debug */ = {
			isa = XCBuildConfiguration;
			buildSettings = {
				ASSETCATALOG_COMPILER_APPICON_NAME = AppIcon;
				ASSETCATALOG_COMPILER_GLOBAL_ACCENT_COLOR_NAME = AccentColor;
				CODE_SIGN_ENTITLEMENTS = AutoLauncher/AutoLauncher.entitlements;
				CODE_SIGN_STYLE = Automatic;
				COMBINE_HIDPI_IMAGES = YES;
				CURRENT_PROJECT_VERSION = 1;
				DEVELOPMENT_TEAM = Z8WP5WHYSB;
				ENABLE_HARDENED_RUNTIME = YES;
				GENERATE_INFOPLIST_FILE = YES;
				INFOPLIST_KEY_LSBackgroundOnly = YES;
				INFOPLIST_KEY_NSHumanReadableCopyright = "";
				INFOPLIST_KEY_NSMainStoryboardFile = Main;
				INFOPLIST_KEY_NSPrincipalClass = NSApplication;
				LD_RUNPATH_SEARCH_PATHS = (
					"$(inherited)",
					"@executable_path/../Frameworks",
				);
				MACOSX_DEPLOYMENT_TARGET = 13.0;
				MARKETING_VERSION = 1.0;
				PRODUCT_BUNDLE_IDENTIFIER = AlessandroLoi.AutoLauncher;
				PRODUCT_NAME = "$(TARGET_NAME)";
				SKIP_INSTALL = YES;
				SWIFT_EMIT_LOC_STRINGS = YES;
				SWIFT_VERSION = 5.0;
			};
			name = Debug;
		};
		98B675E129D6208800C321FF /* Release */ = {
			isa = XCBuildConfiguration;
			buildSettings = {
				ASSETCATALOG_COMPILER_APPICON_NAME = AppIcon;
				ASSETCATALOG_COMPILER_GLOBAL_ACCENT_COLOR_NAME = AccentColor;
				CODE_SIGN_ENTITLEMENTS = AutoLauncher/AutoLauncher.entitlements;
				CODE_SIGN_STYLE = Automatic;
				COMBINE_HIDPI_IMAGES = YES;
				CURRENT_PROJECT_VERSION = 1;
				DEVELOPMENT_TEAM = Z8WP5WHYSB;
				ENABLE_HARDENED_RUNTIME = YES;
				GENERATE_INFOPLIST_FILE = YES;
				INFOPLIST_KEY_LSBackgroundOnly = YES;
				INFOPLIST_KEY_NSHumanReadableCopyright = "";
				INFOPLIST_KEY_NSMainStoryboardFile = Main;
				INFOPLIST_KEY_NSPrincipalClass = NSApplication;
				LD_RUNPATH_SEARCH_PATHS = (
					"$(inherited)",
					"@executable_path/../Frameworks",
				);
				MACOSX_DEPLOYMENT_TARGET = 13.0;
				MARKETING_VERSION = 1.0;
				PRODUCT_BUNDLE_IDENTIFIER = AlessandroLoi.AutoLauncher;
				PRODUCT_NAME = "$(TARGET_NAME)";
				SKIP_INSTALL = YES;
				SWIFT_EMIT_LOC_STRINGS = YES;
				SWIFT_VERSION = 5.0;
			};
			name = Release;
		};
		98EA207129D608EA00A76F2A /* Debug */ = {
			isa = XCBuildConfiguration;
			buildSettings = {
				ALWAYS_SEARCH_USER_PATHS = NO;
				CLANG_ANALYZER_NONNULL = YES;
				CLANG_ANALYZER_NUMBER_OBJECT_CONVERSION = YES_AGGRESSIVE;
				CLANG_CXX_LANGUAGE_STANDARD = "gnu++20";
				CLANG_ENABLE_MODULES = YES;
				CLANG_ENABLE_OBJC_ARC = YES;
				CLANG_ENABLE_OBJC_WEAK = YES;
				CLANG_WARN_BLOCK_CAPTURE_AUTORELEASING = YES;
				CLANG_WARN_BOOL_CONVERSION = YES;
				CLANG_WARN_COMMA = YES;
				CLANG_WARN_CONSTANT_CONVERSION = YES;
				CLANG_WARN_DEPRECATED_OBJC_IMPLEMENTATIONS = YES;
				CLANG_WARN_DIRECT_OBJC_ISA_USAGE = YES_ERROR;
				CLANG_WARN_DOCUMENTATION_COMMENTS = YES;
				CLANG_WARN_EMPTY_BODY = YES;
				CLANG_WARN_ENUM_CONVERSION = YES;
				CLANG_WARN_INFINITE_RECURSION = YES;
				CLANG_WARN_INT_CONVERSION = YES;
				CLANG_WARN_NON_LITERAL_NULL_CONVERSION = YES;
				CLANG_WARN_OBJC_IMPLICIT_RETAIN_SELF = YES;
				CLANG_WARN_OBJC_LITERAL_CONVERSION = YES;
				CLANG_WARN_OBJC_ROOT_CLASS = YES_ERROR;
				CLANG_WARN_QUOTED_INCLUDE_IN_FRAMEWORK_HEADER = YES;
				CLANG_WARN_RANGE_LOOP_ANALYSIS = YES;
				CLANG_WARN_STRICT_PROTOTYPES = YES;
				CLANG_WARN_SUSPICIOUS_MOVE = YES;
				CLANG_WARN_UNGUARDED_AVAILABILITY = YES_AGGRESSIVE;
				CLANG_WARN_UNREACHABLE_CODE = YES;
				CLANG_WARN__DUPLICATE_METHOD_MATCH = YES;
				COPY_PHASE_STRIP = NO;
				DEBUG_INFORMATION_FORMAT = dwarf;
				ENABLE_STRICT_OBJC_MSGSEND = YES;
				ENABLE_TESTABILITY = YES;
				GCC_C_LANGUAGE_STANDARD = gnu11;
				GCC_DYNAMIC_NO_PIC = NO;
				GCC_NO_COMMON_BLOCKS = YES;
				GCC_OPTIMIZATION_LEVEL = 0;
				GCC_PREPROCESSOR_DEFINITIONS = (
					"DEBUG=1",
					"$(inherited)",
				);
				GCC_WARN_64_TO_32_BIT_CONVERSION = YES;
				GCC_WARN_ABOUT_RETURN_TYPE = YES_ERROR;
				GCC_WARN_UNDECLARED_SELECTOR = YES;
				GCC_WARN_UNINITIALIZED_AUTOS = YES_AGGRESSIVE;
				GCC_WARN_UNUSED_FUNCTION = YES;
				GCC_WARN_UNUSED_VARIABLE = YES;
				MACOSX_DEPLOYMENT_TARGET = 13.1;
				MTL_ENABLE_DEBUG_INFO = INCLUDE_SOURCE;
				MTL_FAST_MATH = YES;
				ONLY_ACTIVE_ARCH = YES;
				SDKROOT = macosx;
				SWIFT_ACTIVE_COMPILATION_CONDITIONS = DEBUG;
				SWIFT_OPTIMIZATION_LEVEL = "-Onone";
			};
			name = Debug;
		};
		98EA207229D608EA00A76F2A /* Release */ = {
			isa = XCBuildConfiguration;
			buildSettings = {
				ALWAYS_SEARCH_USER_PATHS = NO;
				CLANG_ANALYZER_NONNULL = YES;
				CLANG_ANALYZER_NUMBER_OBJECT_CONVERSION = YES_AGGRESSIVE;
				CLANG_CXX_LANGUAGE_STANDARD = "gnu++20";
				CLANG_ENABLE_MODULES = YES;
				CLANG_ENABLE_OBJC_ARC = YES;
				CLANG_ENABLE_OBJC_WEAK = YES;
				CLANG_WARN_BLOCK_CAPTURE_AUTORELEASING = YES;
				CLANG_WARN_BOOL_CONVERSION = YES;
				CLANG_WARN_COMMA = YES;
				CLANG_WARN_CONSTANT_CONVERSION = YES;
				CLANG_WARN_DEPRECATED_OBJC_IMPLEMENTATIONS = YES;
				CLANG_WARN_DIRECT_OBJC_ISA_USAGE = YES_ERROR;
				CLANG_WARN_DOCUMENTATION_COMMENTS = YES;
				CLANG_WARN_EMPTY_BODY = YES;
				CLANG_WARN_ENUM_CONVERSION = YES;
				CLANG_WARN_INFINITE_RECURSION = YES;
				CLANG_WARN_INT_CONVERSION = YES;
				CLANG_WARN_NON_LITERAL_NULL_CONVERSION = YES;
				CLANG_WARN_OBJC_IMPLICIT_RETAIN_SELF = YES;
				CLANG_WARN_OBJC_LITERAL_CONVERSION = YES;
				CLANG_WARN_OBJC_ROOT_CLASS = YES_ERROR;
				CLANG_WARN_QUOTED_INCLUDE_IN_FRAMEWORK_HEADER = YES;
				CLANG_WARN_RANGE_LOOP_ANALYSIS = YES;
				CLANG_WARN_STRICT_PROTOTYPES = YES;
				CLANG_WARN_SUSPICIOUS_MOVE = YES;
				CLANG_WARN_UNGUARDED_AVAILABILITY = YES_AGGRESSIVE;
				CLANG_WARN_UNREACHABLE_CODE = YES;
				CLANG_WARN__DUPLICATE_METHOD_MATCH = YES;
				COPY_PHASE_STRIP = NO;
				DEBUG_INFORMATION_FORMAT = "dwarf-with-dsym";
				ENABLE_NS_ASSERTIONS = NO;
				ENABLE_STRICT_OBJC_MSGSEND = YES;
				GCC_C_LANGUAGE_STANDARD = gnu11;
				GCC_NO_COMMON_BLOCKS = YES;
				GCC_WARN_64_TO_32_BIT_CONVERSION = YES;
				GCC_WARN_ABOUT_RETURN_TYPE = YES_ERROR;
				GCC_WARN_UNDECLARED_SELECTOR = YES;
				GCC_WARN_UNINITIALIZED_AUTOS = YES_AGGRESSIVE;
				GCC_WARN_UNUSED_FUNCTION = YES;
				GCC_WARN_UNUSED_VARIABLE = YES;
				MACOSX_DEPLOYMENT_TARGET = 13.1;
				MTL_ENABLE_DEBUG_INFO = NO;
				MTL_FAST_MATH = YES;
				SDKROOT = macosx;
				SWIFT_COMPILATION_MODE = wholemodule;
				SWIFT_OPTIMIZATION_LEVEL = "-O";
			};
			name = Release;
		};
		98EA207429D608EA00A76F2A /* Debug */ = {
			isa = XCBuildConfiguration;
			buildSettings = {
				ASSETCATALOG_COMPILER_APPICON_NAME = AppIcon;
				ASSETCATALOG_COMPILER_GLOBAL_ACCENT_COLOR_NAME = AccentColor;
				CODE_SIGN_ENTITLEMENTS = GPTPopover/GPTPopover.entitlements;
				"CODE_SIGN_IDENTITY[sdk=macosx*]" = "Apple Development";
				CODE_SIGN_STYLE = Automatic;
				COMBINE_HIDPI_IMAGES = YES;
				CURRENT_PROJECT_VERSION = 1;
				DEVELOPMENT_ASSET_PATHS = "\"GPTPopover/Preview Content\"";
				DEVELOPMENT_TEAM = Z8WP5WHYSB;
				ENABLE_HARDENED_RUNTIME = YES;
				ENABLE_PREVIEWS = YES;
				GENERATE_INFOPLIST_FILE = YES;
				INFOPLIST_KEY_LSUIElement = YES;
				INFOPLIST_KEY_NSHumanReadableCopyright = "";
				LD_RUNPATH_SEARCH_PATHS = (
					"$(inherited)",
					"@executable_path/../Frameworks",
				);
				MACOSX_DEPLOYMENT_TARGET = 13.0;
				MARKETING_VERSION = 1.0;
				PRODUCT_BUNDLE_IDENTIFIER = AlessandroLoi.GPTPopover;
				PRODUCT_NAME = "$(TARGET_NAME)";
				SKIP_INSTALL = NO;
				SWIFT_EMIT_LOC_STRINGS = YES;
				SWIFT_VERSION = 5.0;
			};
			name = Debug;
		};
		98EA207529D608EA00A76F2A /* Release */ = {
			isa = XCBuildConfiguration;
			buildSettings = {
				ASSETCATALOG_COMPILER_APPICON_NAME = AppIcon;
				ASSETCATALOG_COMPILER_GLOBAL_ACCENT_COLOR_NAME = AccentColor;
				CODE_SIGN_ENTITLEMENTS = GPTPopover/GPTPopover.entitlements;
				"CODE_SIGN_IDENTITY[sdk=macosx*]" = "Apple Development";
				CODE_SIGN_STYLE = Automatic;
				COMBINE_HIDPI_IMAGES = YES;
				CURRENT_PROJECT_VERSION = 1;
				DEVELOPMENT_ASSET_PATHS = "\"GPTPopover/Preview Content\"";
				DEVELOPMENT_TEAM = Z8WP5WHYSB;
				ENABLE_HARDENED_RUNTIME = YES;
				ENABLE_PREVIEWS = YES;
				GENERATE_INFOPLIST_FILE = YES;
				INFOPLIST_KEY_LSUIElement = YES;
				INFOPLIST_KEY_NSHumanReadableCopyright = "";
				LD_RUNPATH_SEARCH_PATHS = (
					"$(inherited)",
					"@executable_path/../Frameworks",
				);
				MACOSX_DEPLOYMENT_TARGET = 13.0;
				MARKETING_VERSION = 1.0;
				PRODUCT_BUNDLE_IDENTIFIER = AlessandroLoi.GPTPopover;
				PRODUCT_NAME = "$(TARGET_NAME)";
				SKIP_INSTALL = NO;
				SWIFT_EMIT_LOC_STRINGS = YES;
				SWIFT_VERSION = 5.0;
			};
			name = Release;
		};
/* End XCBuildConfiguration section */

/* Begin XCConfigurationList section */
		98B675E229D6208800C321FF /* Build configuration list for PBXNativeTarget "AutoLauncher" */ = {
			isa = XCConfigurationList;
			buildConfigurations = (
				98B675E029D6208800C321FF /* Debug */,
				98B675E129D6208800C321FF /* Release */,
			);
			defaultConfigurationIsVisible = 0;
			defaultConfigurationName = Release;
		};
		98EA205F29D608E700A76F2A /* Build configuration list for PBXProject "GPTPopover" */ = {
			isa = XCConfigurationList;
			buildConfigurations = (
				98EA207129D608EA00A76F2A /* Debug */,
				98EA207229D608EA00A76F2A /* Release */,
			);
			defaultConfigurationIsVisible = 0;
			defaultConfigurationName = Release;
		};
		98EA207329D608EA00A76F2A /* Build configuration list for PBXNativeTarget "GPTPopover" */ = {
			isa = XCConfigurationList;
			buildConfigurations = (
				98EA207429D608EA00A76F2A /* Debug */,
				98EA207529D608EA00A76F2A /* Release */,
			);
			defaultConfigurationIsVisible = 0;
			defaultConfigurationName = Release;
		};
/* End XCConfigurationList section */
	};
	rootObject = 98EA205C29D608E700A76F2A /* Project object */;
}
